
Microsoft Visual Studio Solution File, Format Version 12.00
# Visual Studio Version 16
VisualStudioVersion = 16.0.31105.61
MinimumVisualStudioVersion = 10.0.40219.1
Project("{FAE04EC0-301F-11D3-BF4B-00C04F79EFBC}") = "B_FormView", "B_FormView\B_FormView.csproj", "{F6E91C9C-D507-4057-A952-23174878A552}"
EndProject
Project("{FAE04EC0-301F-11D3-BF4B-00C04F79EFBC}") = "B_TrayIcon", "B_TrayIcon\B_TrayIcon.csproj", "{42C3F971-DFFD-4AC0-B144-7C5E5500CBD6}"
EndProject
Global
	GlobalSection(SolutionConfigurationPlatforms) = preSolution
		Debug|Any CPU = Debug|Any CPU
		Release|Any CPU = Release|Any CPU
	EndGlobalSection
	GlobalSection(ProjectConfigurationPlatforms) = postSolution
		{F6E91C9C-D507-4057-A952-23174878A552}.Debug|Any CPU.ActiveCfg = Debug|Any CPU
		{F6E91C9C-D507-4057-A952-23174878A552}.Debug|Any CPU.Build.0 = Debug|Any CPU
		{F6E91C9C-D507-4057-A952-23174878A552}.Release|Any CPU.ActiveCfg = Release|Any CPU
		{F6E91C9C-D507-4057-A952-23174878A552}.Release|Any CPU.Build.0 = Release|Any CPU
		{42C3F971-DFFD-4AC0-B144-7C5E5500CBD6}.Debug|Any CPU.ActiveCfg = Debug|Any CPU
		{42C3F971-DFFD-4AC0-B144-7C5E5500CBD6}.Debug|Any CPU.Build.0 = Debug|Any CPU
		{42C3F971-DFFD-4AC0-B144-7C5E5500CBD6}.Release|Any CPU.ActiveCfg = Release|Any CPU
		{42C3F971-DFFD-4AC0-B144-7C5E5500CBD6}.Release|Any CPU.Build.0 = Release|Any CPU
	EndGlobalSection
	GlobalSection(SolutionProperties) = preSolution
		HideSolutionNode = FALSE
	EndGlobalSection
	GlobalSection(ExtensibilityGlobals) = postSolution
		SolutionGuid = {458CB5AF-2826-45F9-8CC6-4A3BF7D516C0}
	EndGlobalSection
EndGlobal
